
Microsoft Visual Studio Solution File, Format Version 12.00
# Visual Studio 2013
VisualStudioVersion = 12.0.21005.1
MinimumVisualStudioVersion = 10.0.40219.1
Project("{FAE04EC0-301F-11D3-BF4B-00C04F79EFBC}") = "StandingOvation", "StandingOvation\StandingOvation.csproj", "{35ABF9FF-E88A-401E-B54D-3C44EEE9F8C3}"
EndProject
Project("{FAE04EC0-301F-11D3-BF4B-00C04F79EFBC}") = "Dijkstra", "Dijkstra\Dijkstra.csproj", "{AD6020C3-DC54-4B30-9289-021F9711FC9B}"
EndProject
Global
	GlobalSection(SolutionConfigurationPlatforms) = preSolution
		Debug|Any CPU = Debug|Any CPU
		Release|Any CPU = Release|Any CPU
	EndGlobalSection
	GlobalSection(ProjectConfigurationPlatforms) = postSolution
		{35ABF9FF-E88A-401E-B54D-3C44EEE9F8C3}.Debug|Any CPU.ActiveCfg = Debug|Any CPU
		{35ABF9FF-E88A-401E-B54D-3C44EEE9F8C3}.Debug|Any CPU.Build.0 = Debug|Any CPU
		{35ABF9FF-E88A-401E-B54D-3C44EEE9F8C3}.Release|Any CPU.ActiveCfg = Release|Any CPU
		{35ABF9FF-E88A-401E-B54D-3C44EEE9F8C3}.Release|Any CPU.Build.0 = Release|Any CPU
		{AD6020C3-DC54-4B30-9289-021F9711FC9B}.Debug|Any CPU.ActiveCfg = Debug|Any CPU
		{AD6020C3-DC54-4B30-9289-021F9711FC9B}.Debug|Any CPU.Build.0 = Debug|Any CPU
		{AD6020C3-DC54-4B30-9289-021F9711FC9B}.Release|Any CPU.ActiveCfg = Release|Any CPU
		{AD6020C3-DC54-4B30-9289-021F9711FC9B}.Release|Any CPU.Build.0 = Release|Any CPU
	EndGlobalSection
	GlobalSection(SolutionProperties) = preSolution
		HideSolutionNode = FALSE
	EndGlobalSection
EndGlobal
